%{
  "jason": {:hex, :jason, "1.4.4", "b9226785a9aa77b6857ca22832cffa5d5011a667207eb2a0ad56adb5db443b8a", [:mix], [{:decimal, "~> 1.0 or ~> 2.0", [hex: :decimal, repo: "hexpm", optional: true]}], "hexpm", "c5eb0cab91f094599f94d55bc63409236a8ec69a21a67814529e8d5f6cc90b3b"},
  "predicator": {:hex, :predicator, "3.5.0", "bcdf48834287a575be4c3abf26e21879db651a503e2bccb240a5c09660a213ce", [:mix], [{:jason, "~> 1.4", [hex: :jason, repo: "hexpm", optional: false]}], "hexpm", "b412569bb124ae0728840fa88d5e884aae6aa2ee35a6a278e08299c14a2dd3ef"},
  "saxy": {:hex, :saxy, "1.6.0", "02cb4e9bd045f25ac0c70fae8164754878327ee393c338a090288210b02317ee", [:mix], [], "hexpm", "ef42eb4ac983ca77d650fbdb68368b26570f6cc5895f0faa04d34a6f384abad3"},
  "uxid": {:hex, :uxid, "2.1.0", "7d23902ae8f0898a59691194441ffcd65cab1eec5fdc9d1f4021ed036af7e372", [:mix], [{:ecto, "~> 3.12", [hex: :ecto, repo: "hexpm", optional: true]}], "hexpm", "ef682ae60049610dc4afe472fc094c50e904c622beb428d836ab61031eb683cb"},
}
