%{
  "jason": {:hex, :jason, "1.4.4", "b9226785a9aa77b6857ca22832cffa5d5011a667207eb2a0ad56adb5db443b8a", [:mix], [{:decimal, "~> 1.0 or ~> 2.0", [hex: :decimal, repo: "hexpm", optional: true]}], "hexpm", "c5eb0cab91f094599f94d55bc63409236a8ec69a21a67814529e8d5f6cc90b3b"},
  "predicator": {:hex, :predicator, "3.3.0", "9b5bb2be6723c60e5840be9c760c861e8c90d2f464f1e2dc286226e252cb18bc", [:mix], [{:jason, "~> 1.4", [hex: :jason, repo: "hexpm", optional: false]}], "hexpm", "9abb5f35d01abf3c552af7307ad2016c3374f12fa8df38ab78be174e20632be3"},
  "saxy": {:hex, :saxy, "1.6.0", "02cb4e9bd045f25ac0c70fae8164754878327ee393c338a090288210b02317ee", [:mix], [], "hexpm", "ef42eb4ac983ca77d650fbdb68368b26570f6cc5895f0faa04d34a6f384abad3"},
}
